
Microsoft Visual Studio Solution File, Format Version 12.00
# Visual Studio Version 17
VisualStudioVersion = 17.0.32126.317
MinimumVisualStudioVersion = 10.0.40219.1
Project("{FAE04EC0-301F-11D3-BF4B-00C04F79EFBC}") = "BowlingGame", "BowlingGame\BowlingGame.csproj", "{65DAB5F1-6FF8-45A5-B76C-B04CACA39628}"
EndProject
Project("{FAE04EC0-301F-11D3-BF4B-00C04F79EFBC}") = "BowlingGame.Test", "BowlingGame.Test\BowlingGame.Test.csproj", "{FEB9F292-5A0C-4B3F-B1E1-BD5A2DE86D0C}"
EndProject
Global
	GlobalSection(SolutionConfigurationPlatforms) = preSolution
		Debug|Any CPU = Debug|Any CPU
		Release|Any CPU = Release|Any CPU
	EndGlobalSection
	GlobalSection(ProjectConfigurationPlatforms) = postSolution
		{65DAB5F1-6FF8-45A5-B76C-B04CACA39628}.Debug|Any CPU.ActiveCfg = Debug|Any CPU
		{65DAB5F1-6FF8-45A5-B76C-B04CACA39628}.Debug|Any CPU.Build.0 = Debug|Any CPU
		{65DAB5F1-6FF8-45A5-B76C-B04CACA39628}.Release|Any CPU.ActiveCfg = Release|Any CPU
		{65DAB5F1-6FF8-45A5-B76C-B04CACA39628}.Release|Any CPU.Build.0 = Release|Any CPU
		{FEB9F292-5A0C-4B3F-B1E1-BD5A2DE86D0C}.Debug|Any CPU.ActiveCfg = Debug|Any CPU
		{FEB9F292-5A0C-4B3F-B1E1-BD5A2DE86D0C}.Debug|Any CPU.Build.0 = Debug|Any CPU
		{FEB9F292-5A0C-4B3F-B1E1-BD5A2DE86D0C}.Release|Any CPU.ActiveCfg = Release|Any CPU
		{FEB9F292-5A0C-4B3F-B1E1-BD5A2DE86D0C}.Release|Any CPU.Build.0 = Release|Any CPU
	EndGlobalSection
	GlobalSection(SolutionProperties) = preSolution
		HideSolutionNode = FALSE
	EndGlobalSection
	GlobalSection(ExtensibilityGlobals) = postSolution
		SolutionGuid = {60E3D77E-87D4-4EED-A332-FC4682AB1966}
	EndGlobalSection
EndGlobal
